
Microsoft Visual Studio Solution File, Format Version 12.00
# Visual Studio Version 17
VisualStudioVersion = 17.5.33424.131
MinimumVisualStudioVersion = 10.0.40219.1
Project("{FAE04EC0-301F-11D3-BF4B-00C04F79EFBC}") = "MontyHallGame", "MontyHallGame\MontyHallGame.csproj", "{BDB15B50-5614-4A3C-ACE9-5CFF95F2CEE6}"
EndProject
Project("{FAE04EC0-301F-11D3-BF4B-00C04F79EFBC}") = "MontyHallGame.Interfaces", "MontyHall.Interfaces\MontyHallGame.Interfaces.csproj", "{8710DDB4-4F95-4702-8D9B-204AF1CFC638}"
EndProject
Project("{FAE04EC0-301F-11D3-BF4B-00C04F79EFBC}") = "MontyHallDataAccess", "MontyHallDataAccess\MontyHallDataAccess.csproj", "{6635670D-AC10-4899-A155-AF62CB58BD83}"
EndProject
Project("{FAE04EC0-301F-11D3-BF4B-00C04F79EFBC}") = "MontyHallDataAccess.Interfaces", "MontyHallDataAccess.Interfaces\MontyHallDataAccess.Interfaces.csproj", "{FCCAF58A-B1FD-4095-A747-044F12821929}"
EndProject
Project("{FAE04EC0-301F-11D3-BF4B-00C04F79EFBC}") = "MontyHall.Common", "MontyHall.Common\MontyHall.Common.csproj", "{3B5D49F1-BB72-4C5A-8171-23DC3E1521F9}"
EndProject
Global
	GlobalSection(SolutionConfigurationPlatforms) = preSolution
		Debug|Any CPU = Debug|Any CPU
		Release|Any CPU = Release|Any CPU
	EndGlobalSection
	GlobalSection(ProjectConfigurationPlatforms) = postSolution
		{BDB15B50-5614-4A3C-ACE9-5CFF95F2CEE6}.Debug|Any CPU.ActiveCfg = Debug|Any CPU
		{BDB15B50-5614-4A3C-ACE9-5CFF95F2CEE6}.Debug|Any CPU.Build.0 = Debug|Any CPU
		{BDB15B50-5614-4A3C-ACE9-5CFF95F2CEE6}.Release|Any CPU.ActiveCfg = Release|Any CPU
		{BDB15B50-5614-4A3C-ACE9-5CFF95F2CEE6}.Release|Any CPU.Build.0 = Release|Any CPU
		{8710DDB4-4F95-4702-8D9B-204AF1CFC638}.Debug|Any CPU.ActiveCfg = Debug|Any CPU
		{8710DDB4-4F95-4702-8D9B-204AF1CFC638}.Debug|Any CPU.Build.0 = Debug|Any CPU
		{8710DDB4-4F95-4702-8D9B-204AF1CFC638}.Release|Any CPU.ActiveCfg = Release|Any CPU
		{8710DDB4-4F95-4702-8D9B-204AF1CFC638}.Release|Any CPU.Build.0 = Release|Any CPU
		{6635670D-AC10-4899-A155-AF62CB58BD83}.Debug|Any CPU.ActiveCfg = Debug|Any CPU
		{6635670D-AC10-4899-A155-AF62CB58BD83}.Debug|Any CPU.Build.0 = Debug|Any CPU
		{6635670D-AC10-4899-A155-AF62CB58BD83}.Release|Any CPU.ActiveCfg = Release|Any CPU
		{6635670D-AC10-4899-A155-AF62CB58BD83}.Release|Any CPU.Build.0 = Release|Any CPU
		{FCCAF58A-B1FD-4095-A747-044F12821929}.Debug|Any CPU.ActiveCfg = Debug|Any CPU
		{FCCAF58A-B1FD-4095-A747-044F12821929}.Debug|Any CPU.Build.0 = Debug|Any CPU
		{FCCAF58A-B1FD-4095-A747-044F12821929}.Release|Any CPU.ActiveCfg = Release|Any CPU
		{FCCAF58A-B1FD-4095-A747-044F12821929}.Release|Any CPU.Build.0 = Release|Any CPU
		{3B5D49F1-BB72-4C5A-8171-23DC3E1521F9}.Debug|Any CPU.ActiveCfg = Debug|Any CPU
		{3B5D49F1-BB72-4C5A-8171-23DC3E1521F9}.Debug|Any CPU.Build.0 = Debug|Any CPU
		{3B5D49F1-BB72-4C5A-8171-23DC3E1521F9}.Release|Any CPU.ActiveCfg = Release|Any CPU
		{3B5D49F1-BB72-4C5A-8171-23DC3E1521F9}.Release|Any CPU.Build.0 = Release|Any CPU
	EndGlobalSection
	GlobalSection(SolutionProperties) = preSolution
		HideSolutionNode = FALSE
	EndGlobalSection
	GlobalSection(ExtensibilityGlobals) = postSolution
		SolutionGuid = {D8AA6A26-6068-4897-80C2-8A363948C87A}
	EndGlobalSection
EndGlobal
